
Microsoft Visual Studio Solution File, Format Version 12.00
# Visual Studio Version 16
VisualStudioVersion = 16.0.31105.61
MinimumVisualStudioVersion = 10.0.40219.1
Project("{FAE04EC0-301F-11D3-BF4B-00C04F79EFBC}") = "PSS", "PSS\PSS.csproj", "{6491A930-B2FD-4F89-81FA-F109AAF0D389}"
EndProject
Project("{9092AA53-FB77-4645-B42D-1CCCA6BD08BD}") = "PSS-ClientSatisfaction", "PSS-ClientSatisfaction\PSS-ClientSatisfaction.njsproj", "{CAF14C2C-2B35-473D-AB0D-89B66DA16FDB}"
EndProject
Project("{2150E333-8FDC-42A3-9474-1A3956D46DE8}") = "SQL", "SQL", "{7D740ADD-C704-4048-90FB-99B27E3FF660}"
	ProjectSection(SolutionItems) = preProject
		SQL\Dockerfile = SQL\Dockerfile
		SQL\PSS-DB.sql = SQL\PSS-DB.sql
		SQL\README.md = SQL\README.md
	EndProjectSection
EndProject
Project("{2150E333-8FDC-42A3-9474-1A3956D46DE8}") = "Commands", "Commands", "{6739EAAE-975C-4410-A03A-19F4F0960FF4}"
	ProjectSection(SolutionItems) = preProject
		Commands\ClientSatisfactionContainer.bat = Commands\ClientSatisfactionContainer.bat
		Commands\MariaDBContainer.bat = Commands\MariaDBContainer.bat
		Commands\README.md = Commands\README.md
		Commands\reCreateContainer.bat = Commands\reCreateContainer.bat
	EndProjectSection
EndProject
Project("{2150E333-8FDC-42A3-9474-1A3956D46DE8}") = "Solution Files", "Solution Files", "{35B22F7B-4B67-40CD-866E-71D73CFA56B7}"
	ProjectSection(SolutionItems) = preProject
		README.md = README.md
	EndProjectSection
EndProject
Global
	GlobalSection(SolutionConfigurationPlatforms) = preSolution
		Debug|Any CPU = Debug|Any CPU
		Release|Any CPU = Release|Any CPU
	EndGlobalSection
	GlobalSection(ProjectConfigurationPlatforms) = postSolution
		{6491A930-B2FD-4F89-81FA-F109AAF0D389}.Debug|Any CPU.ActiveCfg = Debug|Any CPU
		{6491A930-B2FD-4F89-81FA-F109AAF0D389}.Debug|Any CPU.Build.0 = Debug|Any CPU
		{6491A930-B2FD-4F89-81FA-F109AAF0D389}.Release|Any CPU.ActiveCfg = Release|Any CPU
		{6491A930-B2FD-4F89-81FA-F109AAF0D389}.Release|Any CPU.Build.0 = Release|Any CPU
		{CAF14C2C-2B35-473D-AB0D-89B66DA16FDB}.Debug|Any CPU.ActiveCfg = Debug|Any CPU
		{CAF14C2C-2B35-473D-AB0D-89B66DA16FDB}.Debug|Any CPU.Build.0 = Debug|Any CPU
		{CAF14C2C-2B35-473D-AB0D-89B66DA16FDB}.Release|Any CPU.ActiveCfg = Release|Any CPU
		{CAF14C2C-2B35-473D-AB0D-89B66DA16FDB}.Release|Any CPU.Build.0 = Release|Any CPU
	EndGlobalSection
	GlobalSection(SolutionProperties) = preSolution
		HideSolutionNode = FALSE
	EndGlobalSection
	GlobalSection(ExtensibilityGlobals) = postSolution
		SolutionGuid = {B5B64753-D94C-4F0C-83DD-8C58C81465A7}
	EndGlobalSection
EndGlobal
